
Microsoft Visual Studio Solution File, Format Version 12.00
# Visual Studio Version 16
VisualStudioVersion = 16.0.30907.101
MinimumVisualStudioVersion = 10.0.40219.1
Project("{9A19103F-16F7-4668-BE54-9A1E7A4F7556}") = "Ilm.CodeAudition.Web", "Ilm.CodeAudition.Web\Ilm.CodeAudition.Web.csproj", "{651F620E-FC5F-42BD-8FF5-1C237058803D}"
EndProject
Project("{9A19103F-16F7-4668-BE54-9A1E7A4F7556}") = "Ilm.CodeAudition.Service", "Ilm.CodeAudition.Service\Ilm.CodeAudition.Service.csproj", "{82881595-E186-4BB4-9293-0A55FF898F48}"
EndProject
Global
	GlobalSection(SolutionConfigurationPlatforms) = preSolution
		Debug|Any CPU = Debug|Any CPU
		Release|Any CPU = Release|Any CPU
	EndGlobalSection
	GlobalSection(ProjectConfigurationPlatforms) = postSolution
		{651F620E-FC5F-42BD-8FF5-1C237058803D}.Debug|Any CPU.ActiveCfg = Debug|Any CPU
		{651F620E-FC5F-42BD-8FF5-1C237058803D}.Debug|Any CPU.Build.0 = Debug|Any CPU
		{651F620E-FC5F-42BD-8FF5-1C237058803D}.Release|Any CPU.ActiveCfg = Release|Any CPU
		{651F620E-FC5F-42BD-8FF5-1C237058803D}.Release|Any CPU.Build.0 = Release|Any CPU
		{82881595-E186-4BB4-9293-0A55FF898F48}.Debug|Any CPU.ActiveCfg = Debug|Any CPU
		{82881595-E186-4BB4-9293-0A55FF898F48}.Debug|Any CPU.Build.0 = Debug|Any CPU
		{82881595-E186-4BB4-9293-0A55FF898F48}.Release|Any CPU.ActiveCfg = Release|Any CPU
		{82881595-E186-4BB4-9293-0A55FF898F48}.Release|Any CPU.Build.0 = Release|Any CPU
	EndGlobalSection
	GlobalSection(SolutionProperties) = preSolution
		HideSolutionNode = FALSE
	EndGlobalSection
	GlobalSection(ExtensibilityGlobals) = postSolution
		SolutionGuid = {3483B85A-6711-49F0-92BF-6EC849F17542}
	EndGlobalSection
EndGlobal
